{
  "nodes": {
    "nixpkgs": {
      "locked": {
        "lastModified": 1686731809,
        "narHash": "sha256-FpQz3Eve638k49tfQxp/reb6RCFSnCVehXFEpJ5cVnA=",
        "owner": "nixos",
        "repo": "nixpkgs",
        "rev": "6a36d58d254fd0c709f5bc93b9efb3b08b5cc34d",
        "type": "github"
      },
      "original": {
        "owner": "nixos",
        "ref": "master",
        "repo": "nixpkgs",
        "type": "github"
      }
    },
    "root": {
      "inputs": {
        "nixpkgs": "nixpkgs"
      }
    }
  },
  "root": "root",
  "version": 7
}
